hash: 21b4aef5e2d328edcb1f982fda5a99f3653a0dc3bd66f6976de9d1bccbdb6226
updated: 2017-07-06T22:35:41.649310432-03:00
imports:
- name: github.com/agtorre/gocolorize
  version: 99fea4bc9517f07eea8194702cb7076f4845b7de
- name: github.com/fatih/structs
  version: 7e5a8eef611ee84dd359503f3969f80df4c50723
- name: github.com/jinzhu/gorm
  version: 2a1463811ee1dc85d168fd639a2d4251d030e6e5
- name: github.com/mattn/go-sqlite3
  version: 9cbb0970444f7ee9ccc65376394a504150b25de1
- name: golang.org/x/net
  version: 054b33e6527139ad5b1ec2f6232c3b175bd9a30c
  subpackages:
  - context
- name: gopkg.in/mgo.v2
  version: 3f83fa5005286a7fe593b055f0d7771a7dce4655
  subpackages:
  - bson
  - internal/sasl
  - internal/scram
  - internal/json
testImports: []
